// !$*UTF8*$!
{
	archiveVersion = 1;
	classes = {
	};
	objectVersion = 50;
	objects = {

/* Begin PBXBuildFile section */
		0A2E295121943893002F1654 /* AppDelegate.m in Sources */ = {isa = PBXBuildFile; fileRef = 0A2E295021943893002F1654 /* AppDelegate.m */; };
		0A2E295421943893002F1654 /* ViewController.m in Sources */ = {isa = PBXBuildFile; fileRef = 0A2E295321943893002F1654 /* ViewController.m */; };
		0A2E295721943893002F1654 /* Main.storyboard in Resources */ = {isa = PBXBuildFile; fileRef = 0A2E295521943893002F1654 /* Main.storyboard */; };
		0A2E295921943894002F1654 /* Assets.xcassets in Resources */ = {isa = PBXBuildFile; fileRef = 0A2E295821943894002F1654 /* Assets.xcassets */; };
		0A2E295C21943894002F1654 /* LaunchScreen.storyboard in Resources */ = {isa = PBXBuildFile; fileRef = 0A2E295A21943894002F1654 /* LaunchScreen.storyboard */; };
		0A2E295F21943894002F1654 /* main.m in Sources */ = {isa = PBXBuildFile; fileRef = 0A2E295E21943894002F1654 /* main.m */; };
		0A2E296921943894002F1654 /* CellMultipleSelectionTests.m in Sources */ = {isa = PBXBuildFile; fileRef = 0A2E296821943894002F1654 /* CellMultipleSelectionTests.m */; };
		0A2E297421943894002F1654 /* CellMultipleSelectionUITests.m in Sources */ = {isa = PBXBuildFile; fileRef = 0A2E297321943894002F1654 /* CellMultipleSelectionUITests.m */; };
		0A2E298321943901002F1654 /* DataTableViewCell.m in Sources */ = {isa = PBXBuildFile; fileRef = 0A2E298121943901002F1654 /* DataTableViewCell.m */; };
		0A2E29862194390E002F1654 /* DataModel.m in Sources */ = {isa = PBXBuildFile; fileRef = 0A2E29842194390D002F1654 /* DataModel.m */; };
/* End PBXBuildFile section */

/* Begin PBXContainerItemProxy section */
		0A2E296521943894002F1654 /* PBXContainerItemProxy */ = {
			isa = PBXContainerItemProxy;
			containerPortal = 0A2E294421943893002F1654 /* Project object */;
			proxyType = 1;
			remoteGlobalIDString = 0A2E294B21943893002F1654;
			remoteInfo = CellMultipleSelection;
		};
		0A2E297021943894002F1654 /* PBXContainerItemProxy */ = {
			isa = PBXContainerItemProxy;
			containerPortal = 0A2E294421943893002F1654 /* Project object */;
			proxyType = 1;
			remoteGlobalIDString = 0A2E294B21943893002F1654;
			remoteInfo = CellMultipleSelection;
		};
/* End PBXContainerItemProxy section */

/* Begin PBXFileReference section */
		0A2E294C21943893002F1654 /* CellMultipleSelection.app */ = {isa = PBXFileReference; explicitFileType = wrapper.application; includeInIndex = 0; path = CellMultipleSelection.app; sourceTree = BUILT_PRODUCTS_DIR; };
		0A2E294F21943893002F1654 /* AppDelegate.h */ = {isa = PBXFileReference; lastKnownFileType = sourcecode.c.h; path = AppDelegate.h; sourceTree = "<group>"; };
		0A2E295021943893002F1654 /* AppDelegate.m */ = {isa = PBXFileReference; lastKnownFileType = sourcecode.c.objc; path = AppDelegate.m; sourceTree = "<group>"; };
		0A2E295221943893002F1654 /* ViewController.h */ = {isa = PBXFileReference; lastKnownFileType = sourcecode.c.h; path = ViewController.h; sourceTree = "<group>"; };
		0A2E295321943893002F1654 /* ViewController.m */ = {isa = PBXFileReference; lastKnownFileType = sourcecode.c.objc; path = ViewController.m; sourceTree = "<group>"; };
		0A2E295621943893002F1654 /* Base */ = {isa = PBXFileReference; lastKnownFileType = file.storyboard; name = Base; path = Base.lproj/Main.storyboard; sourceTree = "<group>"; };
		0A2E295821943894002F1654 /* Assets.xcassets */ = {isa = PBXFileReference; lastKnownFileType = folder.assetcatalog; path = Assets.xcassets; sourceTree = "<group>"; };
		0A2E295B21943894002F1654 /* Base */ = {isa = PBXFileReference; lastKnownFileType = file.storyboard; name = Base; path = Base.lproj/LaunchScreen.storyboard; sourceTree = "<group>"; };
		0A2E295D21943894002F1654 /* Info.plist */ = {isa = PBXFileReference; lastKnownFileType = text.plist.xml; path = Info.plist; sourceTree = "<group>"; };
		0A2E295E21943894002F1654 /* main.m */ = {isa = PBXFileReference; lastKnownFileType = sourcecode.c.objc; path = main.m; sourceTree = "<group>"; };
		0A2E296421943894002F1654 /* CellMultipleSelectionTests.xctest */ = {isa = PBXFileReference; explicitFileType = wrapper.cfbundle; includeInIndex = 0; path = CellMultipleSelectionTests.xctest; sourceTree = BUILT_PRODUCTS_DIR; };
		0A2E296821943894002F1654 /* CellMultipleSelectionTests.m */ = {isa = PBXFileReference; lastKnownFileType = sourcecode.c.objc; path = CellMultipleSelectionTests.m; sourceTree = "<group>"; };
		0A2E296A21943894002F1654 /* Info.plist */ = {isa = PBXFileReference; lastKnownFileType = text.plist.xml; path = Info.plist; sourceTree = "<group>"; };
		0A2E296F21943894002F1654 /* CellMultipleSelectionUITests.xctest */ = {isa = PBXFileReference; explicitFileType = wrapper.cfbundle; includeInIndex = 0; path = CellMultipleSelectionUITests.xctest; sourceTree = BUILT_PRODUCTS_DIR; };
		0A2E297321943894002F1654 /* CellMultipleSelectionUITests.m */ = {isa = PBXFileReference; lastKnownFileType = sourcecode.c.objc; path = CellMultipleSelectionUITests.m; sourceTree = "<group>"; };
		0A2E297521943894002F1654 /* Info.plist */ = {isa = PBXFileReference; lastKnownFileType = text.plist.xml; path = Info.plist; sourceTree = "<group>"; };
		0A2E298121943901002F1654 /* DataTableViewCell.m */ = {isa = PBXFileReference; fileEncoding = 4; lastKnownFileType = sourcecode.c.objc; path = DataTableViewCell.m; sourceTree = "<group>"; };
		0A2E298221943901002F1654 /* DataTableViewCell.h */ = {isa = PBXFileReference; fileEncoding = 4; lastKnownFileType = sourcecode.c.h; path = DataTableViewCell.h; sourceTree = "<group>"; };
		0A2E29842194390D002F1654 /* DataModel.m */ = {isa = PBXFileReference; fileEncoding = 4; lastKnownFileType = sourcecode.c.objc; path = DataModel.m; sourceTree = "<group>"; };
		0A2E29852194390E002F1654 /* DataModel.h */ = {isa = PBXFileReference; fileEncoding = 4; lastKnownFileType = sourcecode.c.h; path = DataModel.h; sourceTree = "<group>"; };
/* End PBXFileReference section */

/* Begin PBXFrameworksBuildPhase section */
		0A2E294921943893002F1654 /* Frameworks */ = {
			isa = PBXFrameworksBuildPhase;
			buildActionMask = 2147483647;
			files = (
			);
			runOnlyForDeploymentPostprocessing = 0;
		};
		0A2E296121943894002F1654 /* Frameworks */ = {
			isa = PBXFrameworksBuildPhase;
			buildActionMask = 2147483647;
			files = (
			);
			runOnlyForDeploymentPostprocessing = 0;
		};
		0A2E296C21943894002F1654 /* Frameworks */ = {
			isa = PBXFrameworksBuildPhase;
			buildActionMask = 2147483647;
			files = (
			);
			runOnlyForDeploymentPostprocessing = 0;
		};
/* End PBXFrameworksBuildPhase section */

/* Begin PBXGroup section */
		0A2E294321943893002F1654 = {
			isa = PBXGroup;
			children = (
				0A2E294E21943893002F1654 /* CellMultipleSelection */,
				0A2E296721943894002F1654 /* CellMultipleSelectionTests */,
				0A2E297221943894002F1654 /* CellMultipleSelectionUITests */,
				0A2E294D21943893002F1654 /* Products */,
			);
			sourceTree = "<group>";
		};
		0A2E294D21943893002F1654 /* Products */ = {
			isa = PBXGroup;
			children = (
				0A2E294C21943893002F1654 /* CellMultipleSelection.app */,
				0A2E296421943894002F1654 /* CellMultipleSelectionTests.xctest */,
				0A2E296F21943894002F1654 /* CellMultipleSelectionUITests.xctest */,
			);
			name = Products;
			sourceTree = "<group>";
		};
		0A2E294E21943893002F1654 /* CellMultipleSelection */ = {
			isa = PBXGroup;
			children = (
				0A2E294F21943893002F1654 /* AppDelegate.h */,
				0A2E295021943893002F1654 /* AppDelegate.m */,
				0A2E295221943893002F1654 /* ViewController.h */,
				0A2E295321943893002F1654 /* ViewController.m */,
				0A2E298221943901002F1654 /* DataTableViewCell.h */,
				0A2E298121943901002F1654 /* DataTableViewCell.m */,
				0A2E29852194390E002F1654 /* DataModel.h */,
				0A2E29842194390D002F1654 /* DataModel.m */,
				0A2E295521943893002F1654 /* Main.storyboard */,
				0A2E295821943894002F1654 /* Assets.xcassets */,
				0A2E295A21943894002F1654 /* LaunchScreen.storyboard */,
				0A2E295D21943894002F1654 /* Info.plist */,
				0A2E295E21943894002F1654 /* main.m */,
			);
			path = CellMultipleSelection;
			sourceTree = "<group>";
		};
		0A2E296721943894002F1654 /* CellMultipleSelectionTests */ = {
			isa = PBXGroup;
			children = (
				0A2E296821943894002F1654 /* CellMultipleSelectionTests.m */,
				0A2E296A21943894002F1654 /* Info.plist */,
			);
			path = CellMultipleSelectionTests;
			sourceTree = "<group>";
		};
		0A2E297221943894002F1654 /* CellMultipleSelectionUITests */ = {
			isa = PBXGroup;
			children = (
				0A2E297321943894002F1654 /* CellMultipleSelectionUITests.m */,
				0A2E297521943894002F1654 /* Info.plist */,
			);
			path = CellMultipleSelectionUITests;
			sourceTree = "<group>";
		};
/* End PBXGroup section */

/* Begin PBXNativeTarget section */
		0A2E294B21943893002F1654 /* CellMultipleSelection */ = {
			isa = PBXNativeTarget;
			buildConfigurationList = 0A2E297821943894002F1654 /* Build configuration list for PBXNativeTarget "CellMultipleSelection" */;
			buildPhases = (
				0A2E294821943893002F1654 /* Sources */,
				0A2E294921943893002F1654 /* Frameworks */,
				0A2E294A21943893002F1654 /* Resources */,
			);
			buildRules = (
			);
			dependencies = (
			);
			name = CellMultipleSelection;
			productName = CellMultipleSelection;
			productReference = 0A2E294C21943893002F1654 /* CellMultipleSelection.app */;
			productType = "com.apple.product-type.application";
		};
		0A2E296321943894002F1654 /* CellMultipleSelectionTests */ = {
			isa = PBXNativeTarget;
			buildConfigurationList = 0A2E297B21943894002F1654 /* Build configuration list for PBXNativeTarget "CellMultipleSelectionTests" */;
			buildPhases = (
				0A2E296021943894002F1654 /* Sources */,
				0A2E296121943894002F1654 /* Frameworks */,
				0A2E296221943894002F1654 /* Resources */,
			);
			buildRules = (
			);
			dependencies = (
				0A2E296621943894002F1654 /* PBXTargetDependency */,
			);
			name = CellMultipleSelectionTests;
			productName = CellMultipleSelectionTests;
			productReference = 0A2E296421943894002F1654 /* CellMultipleSelectionTests.xctest */;
			productType = "com.apple.product-type.bundle.unit-test";
		};
		0A2E296E21943894002F1654 /* CellMultipleSelectionUITests */ = {
			isa = PBXNativeTarget;
			buildConfigurationList = 0A2E297E21943894002F1654 /* Build configuration list for PBXNativeTarget "CellMultipleSelectionUITests" */;
			buildPhases = (
				0A2E296B21943894002F1654 /* Sources */,
				0A2E296C21943894002F1654 /* Frameworks */,
				0A2E296D21943894002F1654 /* Resources */,
			);
			buildRules = (
			);
			dependencies = (
				0A2E297121943894002F1654 /* PBXTargetDependency */,
			);
			name = CellMultipleSelectionUITests;
			productName = CellMultipleSelectionUITests;
			productReference = 0A2E296F21943894002F1654 /* CellMultipleSelectionUITests.xctest */;
			productType = "com.apple.product-type.bundle.ui-testing";
		};
/* End PBXNativeTarget section */

/* Begin PBXProject section */
		0A2E294421943893002F1654 /* Project object */ = {
			isa = PBXProject;
			attributes = {
				LastUpgradeCheck = 0940;
				ORGANIZATIONNAME = Mac2;
				TargetAttributes = {
					0A2E294B21943893002F1654 = {
						CreatedOnToolsVersion = 9.4.1;
					};
					0A2E296321943894002F1654 = {
						CreatedOnToolsVersion = 9.4.1;
						TestTargetID = 0A2E294B21943893002F1654;
					};
					0A2E296E21943894002F1654 = {
						CreatedOnToolsVersion = 9.4.1;
						TestTargetID = 0A2E294B21943893002F1654;
					};
				};
			};
			buildConfigurationList = 0A2E294721943893002F1654 /* Build configuration list for PBXProject "CellMultipleSelection" */;
			compatibilityVersion = "Xcode 9.3";
			developmentRegion = en;
			hasScannedForEncodings = 0;
			knownRegions = (
				en,
				Base,
			);
			mainGroup = 0A2E294321943893002F1654;
			productRefGroup = 0A2E294D21943893002F1654 /* Products */;
			projectDirPath = "";
			projectRoot = "";
			targets = (
				0A2E294B21943893002F1654 /* CellMultipleSelection */,
				0A2E296321943894002F1654 /* CellMultipleSelectionTests */,
				0A2E296E21943894002F1654 /* CellMultipleSelectionUITests */,
			);
		};
/* End PBXProject section */

/* Begin PBXResourcesBuildPhase section */
		0A2E294A21943893002F1654 /* Resources */ = {
			isa = PBXResourcesBuildPhase;
			buildActionMask = 2147483647;
			files = (
				0A2E295C21943894002F1654 /* LaunchScreen.storyboard in Resources */,
				0A2E295921943894002F1654 /* Assets.xcassets in Resources */,
				0A2E295721943893002F1654 /* Main.storyboard in Resources */,
			);
			runOnlyForDeploymentPostprocessing = 0;
		};
		0A2E296221943894002F1654 /* Resources */ = {
			isa = PBXResourcesBuildPhase;
			buildActionMask = 2147483647;
			files = (
			);
			runOnlyForDeploymentPostprocessing = 0;
		};
		0A2E296D21943894002F1654 /* Resources */ = {
			isa = PBXResourcesBuildPhase;
			buildActionMask = 2147483647;
			files = (
			);
			runOnlyForDeploymentPostprocessing = 0;
		};
/* End PBXResourcesBuildPhase section */

/* Begin PBXSourcesBuildPhase section */
		0A2E294821943893002F1654 /* Sources */ = {
			isa = PBXSourcesBuildPhase;
			buildActionMask = 2147483647;
			files = (
				0A2E295421943893002F1654 /* ViewController.m in Sources */,
				0A2E29862194390E002F1654 /* DataModel.m in Sources */,
				0A2E295F21943894002F1654 /* main.m in Sources */,
				0A2E295121943893002F1654 /* AppDelegate.m in Sources */,
				0A2E298321943901002F1654 /* DataTableViewCell.m in Sources */,
			);
			runOnlyForDeploymentPostprocessing = 0;
		};
		0A2E296021943894002F1654 /* Sources */ = {
			isa = PBXSourcesBuildPhase;
			buildActionMask = 2147483647;
			files = (
				0A2E296921943894002F1654 /* CellMultipleSelectionTests.m in Sources */,
			);
			runOnlyForDeploymentPostprocessing = 0;
		};
		0A2E296B21943894002F1654 /* Sources */ = {
			isa = PBXSourcesBuildPhase;
			buildActionMask = 2147483647;
			files = (
				0A2E297421943894002F1654 /* CellMultipleSelectionUITests.m in Sources */,
			);
			runOnlyForDeploymentPostprocessing = 0;
		};
/* End PBXSourcesBuildPhase section */

/* Begin PBXTargetDependency section */
		0A2E296621943894002F1654 /* PBXTargetDependency */ = {
			isa = PBXTargetDependency;
			target = 0A2E294B21943893002F1654 /* CellMultipleSelection */;
			targetProxy = 0A2E296521943894002F1654 /* PBXContainerItemProxy */;
		};
		0A2E297121943894002F1654 /* PBXTargetDependency */ = {
			isa = PBXTargetDependency;
			target = 0A2E294B21943893002F1654 /* CellMultipleSelection */;
			targetProxy = 0A2E297021943894002F1654 /* PBXContainerItemProxy */;
		};
/* End PBXTargetDependency section */

/* Begin PBXVariantGroup section */
		0A2E295521943893002F1654 /* Main.storyboard */ = {
			isa = PBXVariantGroup;
			children = (
				0A2E295621943893002F1654 /* Base */,
			);
			name = Main.storyboard;
			sourceTree = "<group>";
		};
		0A2E295A21943894002F1654 /* LaunchScreen.storyboard */ = {
			isa = PBXVariantGroup;
			children = (
				0A2E295B21943894002F1654 /* Base */,
			);
			name = LaunchScreen.storyboard;
			sourceTree = "<group>";
		};
/* End PBXVariantGroup section */

/* Begin XCBuildConfiguration section */
		0A2E297621943894002F1654 /* Debug */ = {
			isa = XCBuildConfiguration;
			buildSettings = {
				ALWAYS_SEARCH_USER_PATHS = NO;
				CLANG_ANALYZER_NONNULL = YES;
				CLANG_ANALYZER_NUMBER_OBJECT_CONVERSION = YES_AGGRESSIVE;
				CLANG_CXX_LANGUAGE_STANDARD = "gnu++14";
				CLANG_CXX_LIBRARY = "libc++";
				CLANG_ENABLE_MODULES = YES;
				CLANG_ENABLE_OBJC_ARC = YES;
				CLANG_ENABLE_OBJC_WEAK = YES;
				CLANG_WARN_BLOCK_CAPTURE_AUTORELEASING = YES;
				CLANG_WARN_BOOL_CONVERSION = YES;
				CLANG_WARN_COMMA = YES;
				CLANG_WARN_CONSTANT_CONVERSION = YES;
				CLANG_WARN_DEPRECATED_OBJC_IMPLEMENTATIONS = YES;
				CLANG_WARN_DIRECT_OBJC_ISA_USAGE = YES_ERROR;
				CLANG_WARN_DOCUMENTATION_COMMENTS = YES;
				CLANG_WARN_EMPTY_BODY = YES;
				CLANG_WARN_ENUM_CONVERSION = YES;
				CLANG_WARN_INFINITE_RECURSION = YES;
				CLANG_WARN_INT_CONVERSION = YES;
				CLANG_WARN_NON_LITERAL_NULL_CONVERSION = YES;
				CLANG_WARN_OBJC_IMPLICIT_RETAIN_SELF = YES;
				CLANG_WARN_OBJC_LITERAL_CONVERSION = YES;
				CLANG_WARN_OBJC_ROOT_CLASS = YES_ERROR;
				CLANG_WARN_RANGE_LOOP_ANALYSIS = YES;
				CLANG_WARN_STRICT_PROTOTYPES = YES;
				CLANG_WARN_SUSPICIOUS_MOVE = YES;
				CLANG_WARN_UNGUARDED_AVAILABILITY = YES_AGGRESSIVE;
				CLANG_WARN_UNREACHABLE_CODE = YES;
				CLANG_WARN__DUPLICATE_METHOD_MATCH = YES;
				CODE_SIGN_IDENTITY = "iPhone Developer";
				COPY_PHASE_STRIP = NO;
				DEBUG_INFORMATION_FORMAT = dwarf;
				ENABLE_STRICT_OBJC_MSGSEND = YES;
				ENABLE_TESTABILITY = YES;
				GCC_C_LANGUAGE_STANDARD = gnu11;
				GCC_DYNAMIC_NO_PIC = NO;
				GCC_NO_COMMON_BLOCKS = YES;
				GCC_OPTIMIZATION_LEVEL = 0;
				GCC_PREPROCESSOR_DEFINITIONS = (
					"DEBUG=1",
					"$(inherited)",
				);
				GCC_WARN_64_TO_32_BIT_CONVERSION = YES;
				GCC_WARN_ABOUT_RETURN_TYPE = YES_ERROR;
				GCC_WARN_UNDECLARED_SELECTOR = YES;
				GCC_WARN_UNINITIALIZED_AUTOS = YES_AGGRESSIVE;
				GCC_WARN_UNUSED_FUNCTION = YES;
				GCC_WARN_UNUSED_VARIABLE = YES;
				IPHONEOS_DEPLOYMENT_TARGET = 11.4;
				MTL_ENABLE_DEBUG_INFO = YES;
				ONLY_ACTIVE_ARCH = YES;
				SDKROOT = iphoneos;
			};
			name = Debug;
		};
		0A2E297721943894002F1654 /* Release */ = {
			isa = XCBuildConfiguration;
			buildSettings = {
				ALWAYS_SEARCH_USER_PATHS = NO;
				CLANG_ANALYZER_NONNULL = YES;
				CLANG_ANALYZER_NUMBER_OBJECT_CONVERSION = YES_AGGRESSIVE;
				CLANG_CXX_LANGUAGE_STANDARD = "gnu++14";
				CLANG_CXX_LIBRARY = "libc++";
				CLANG_ENABLE_MODULES = YES;
				CLANG_ENABLE_OBJC_ARC = YES;
				CLANG_ENABLE_OBJC_WEAK = YES;
				CLANG_WARN_BLOCK_CAPTURE_AUTORELEASING = YES;
				CLANG_WARN_BOOL_CONVERSION = YES;
				CLANG_WARN_COMMA = YES;
				CLANG_WARN_CONSTANT_CONVERSION = YES;
				CLANG_WARN_DEPRECATED_OBJC_IMPLEMENTATIONS = YES;
				CLANG_WARN_DIRECT_OBJC_ISA_USAGE = YES_ERROR;
				CLANG_WARN_DOCUMENTATION_COMMENTS = YES;
				CLANG_WARN_EMPTY_BODY = YES;
				CLANG_WARN_ENUM_CONVERSION = YES;
				CLANG_WARN_INFINITE_RECURSION = YES;
				CLANG_WARN_INT_CONVERSION = YES;
				CLANG_WARN_NON_LITERAL_NULL_CONVERSION = YES;
				CLANG_WARN_OBJC_IMPLICIT_RETAIN_SELF = YES;
				CLANG_WARN_OBJC_LITERAL_CONVERSION = YES;
				CLANG_WARN_OBJC_ROOT_CLASS = YES_ERROR;
				CLANG_WARN_RANGE_LOOP_ANALYSIS = YES;
				CLANG_WARN_STRICT_PROTOTYPES = YES;
				CLANG_WARN_SUSPICIOUS_MOVE = YES;
				CLANG_WARN_UNGUARDED_AVAILABILITY = YES_AGGRESSIVE;
				CLANG_WARN_UNREACHABLE_CODE = YES;
				CLANG_WARN__DUPLICATE_METHOD_MATCH = YES;
				CODE_SIGN_IDENTITY = "iPhone Developer";
				COPY_PHASE_STRIP = NO;
				DEBUG_INFORMATION_FORMAT = "dwarf-with-dsym";
				ENABLE_NS_ASSERTIONS = NO;
				ENABLE_STRICT_OBJC_MSGSEND = YES;
				GCC_C_LANGUAGE_STANDARD = gnu11;
				GCC_NO_COMMON_BLOCKS = YES;
				GCC_WARN_64_TO_32_BIT_CONVERSION = YES;
				GCC_WARN_ABOUT_RETURN_TYPE = YES_ERROR;
				GCC_WARN_UNDECLARED_SELECTOR = YES;
				GCC_WARN_UNINITIALIZED_AUTOS = YES_AGGRESSIVE;
				GCC_WARN_UNUSED_FUNCTION = YES;
				GCC_WARN_UNUSED_VARIABLE = YES;
				IPHONEOS_DEPLOYMENT_TARGET = 11.4;
				MTL_ENABLE_DEBUG_INFO = NO;
				SDKROOT = iphoneos;
				VALIDATE_PRODUCT = YES;
			};
			name = Release;
		};
		0A2E297921943894002F1654 /* Debug */ = {
			isa = XCBuildConfiguration;
			buildSettings = {
				ASSETCATALOG_COMPILER_APPICON_NAME = AppIcon;
				CODE_SIGN_STYLE = Automatic;
				DEVELOPMENT_TEAM = 8T5M6ML8L2;
				INFOPLIST_FILE = CellMultipleSelection/Info.plist;
				IPHONEOS_DEPLOYMENT_TARGET = 8.0;
				LD_RUNPATH_SEARCH_PATHS = (
					"$(inherited)",
					"@executable_path/Frameworks",
				);
				PRODUCT_BUNDLE_IDENTIFIER = Mac2.CellMultipleSelection;
				PRODUCT_NAME = "$(TARGET_NAME)";
				TARGETED_DEVICE_FAMILY = "1,2";
			};
			name = Debug;
		};
		0A2E297A21943894002F1654 /* Release */ = {
			isa = XCBuildConfiguration;
			buildSettings = {
				ASSETCATALOG_COMPILER_APPICON_NAME = AppIcon;
				CODE_SIGN_STYLE = Automatic;
				DEVELOPMENT_TEAM = 8T5M6ML8L2;
				INFOPLIST_FILE = CellMultipleSelection/Info.plist;
				IPHONEOS_DEPLOYMENT_TARGET = 8.0;
				LD_RUNPATH_SEARCH_PATHS = (
					"$(inherited)",
					"@executable_path/Frameworks",
				);
				PRODUCT_BUNDLE_IDENTIFIER = Mac2.CellMultipleSelection;
				PRODUCT_NAME = "$(TARGET_NAME)";
				TARGETED_DEVICE_FAMILY = "1,2";
			};
			name = Release;
		};
		0A2E297C21943894002F1654 /* Debug */ = {
			isa = XCBuildConfiguration;
			buildSettings = {
				BUNDLE_LOADER = "$(TEST_HOST)";
				CODE_SIGN_STYLE = Automatic;
				INFOPLIST_FILE = CellMultipleSelectionTests/Info.plist;
				LD_RUNPATH_SEARCH_PATHS = (
					"$(inherited)",
					"@executable_path/Frameworks",
					"@loader_path/Frameworks",
				);
				PRODUCT_BUNDLE_IDENTIFIER = Mac2.CellMultipleSelectionTests;
				PRODUCT_NAME = "$(TARGET_NAME)";
				TARGETED_DEVICE_FAMILY = "1,2";
				TEST_HOST = "$(BUILT_PRODUCTS_DIR)/CellMultipleSelection.app/CellMultipleSelection";
			};
			name = Debug;
		};
		0A2E297D21943894002F1654 /* Release */ = {
			isa = XCBuildConfiguration;
			buildSettings = {
				BUNDLE_LOADER = "$(TEST_HOST)";
				CODE_SIGN_STYLE = Automatic;
				INFOPLIST_FILE = CellMultipleSelectionTests/Info.plist;
				LD_RUNPATH_SEARCH_PATHS = (
					"$(inherited)",
					"@executable_path/Frameworks",
					"@loader_path/Frameworks",
				);
				PRODUCT_BUNDLE_IDENTIFIER = Mac2.CellMultipleSelectionTests;
				PRODUCT_NAME = "$(TARGET_NAME)";
				TARGETED_DEVICE_FAMILY = "1,2";
				TEST_HOST = "$(BUILT_PRODUCTS_DIR)/CellMultipleSelection.app/CellMultipleSelection";
			};
			name = Release;
		};
		0A2E297F21943894002F1654 /* Debug */ = {
			isa = XCBuildConfiguration;
			buildSettings = {
				CODE_SIGN_STYLE = Automatic;
				INFOPLIST_FILE = CellMultipleSelectionUITests/Info.plist;
				LD_RUNPATH_SEARCH_PATHS = (
					"$(inherited)",
					"@executable_path/Frameworks",
					"@loader_path/Frameworks",
				);
				PRODUCT_BUNDLE_IDENTIFIER = Mac2.CellMultipleSelectionUITests;
				PRODUCT_NAME = "$(TARGET_NAME)";
				TARGETED_DEVICE_FAMILY = "1,2";
				TEST_TARGET_NAME = CellMultipleSelection;
			};
			name = Debug;
		};
		0A2E298021943894002F1654 /* Release */ = {
			isa = XCBuildConfiguration;
			buildSettings = {
				CODE_SIGN_STYLE = Automatic;
				INFOPLIST_FILE = CellMultipleSelectionUITests/Info.plist;
				LD_RUNPATH_SEARCH_PATHS = (
					"$(inherited)",
					"@executable_path/Frameworks",
					"@loader_path/Frameworks",
				);
				PRODUCT_BUNDLE_IDENTIFIER = Mac2.CellMultipleSelectionUITests;
				PRODUCT_NAME = "$(TARGET_NAME)";
				TARGETED_DEVICE_FAMILY = "1,2";
				TEST_TARGET_NAME = CellMultipleSelection;
			};
			name = Release;
		};
/* End XCBuildConfiguration section */

/* Begin XCConfigurationList section */
		0A2E294721943893002F1654 /* Build configuration list for PBXProject "CellMultipleSelection" */ = {
			isa = XCConfigurationList;
			buildConfigurations = (
				0A2E297621943894002F1654 /* Debug */,
				0A2E297721943894002F1654 /* Release */,
			);
			defaultConfigurationIsVisible = 0;
			defaultConfigurationName = Release;
		};
		0A2E297821943894002F1654 /* Build configuration list for PBXNativeTarget "CellMultipleSelection" */ = {
			isa = XCConfigurationList;
			buildConfigurations = (
				0A2E297921943894002F1654 /* Debug */,
				0A2E297A21943894002F1654 /* Release */,
			);
			defaultConfigurationIsVisible = 0;
			defaultConfigurationName = Release;
		};
		0A2E297B21943894002F1654 /* Build configuration list for PBXNativeTarget "CellMultipleSelectionTests" */ = {
			isa = XCConfigurationList;
			buildConfigurations = (
				0A2E297C21943894002F1654 /* Debug */,
				0A2E297D21943894002F1654 /* Release */,
			);
			defaultConfigurationIsVisible = 0;
			defaultConfigurationName = Release;
		};
		0A2E297E21943894002F1654 /* Build configuration list for PBXNativeTarget "CellMultipleSelectionUITests" */ = {
			isa = XCConfigurationList;
			buildConfigurations = (
				0A2E297F21943894002F1654 /* Debug */,
				0A2E298021943894002F1654 /* Release */,
			);
			defaultConfigurationIsVisible = 0;
			defaultConfigurationName = Release;
		};
/* End XCConfigurationList section */
	};
	rootObject = 0A2E294421943893002F1654 /* Project object */;
}
